
Microsoft Visual Studio Solution File, Format Version 12.00
# Visual Studio Version 16
VisualStudioVersion = 16.0.32106.194
MinimumVisualStudioVersion = 10.0.40219.1
Project("{FAE04EC0-301F-11D3-BF4B-00C04F79EFBC}") = "TRMDataManager", "TRMDataManager\TRMDataManager.csproj", "{9BA22FCB-85B1-463A-91D6-4377F049AAEB}"
EndProject
Global
	GlobalSection(SolutionConfigurationPlatforms) = preSolution
		Debug|Any CPU = Debug|Any CPU
		Release|Any CPU = Release|Any CPU
	EndGlobalSection
	GlobalSection(ProjectConfigurationPlatforms) = postSolution
		{9BA22FCB-85B1-463A-91D6-4377F049AAEB}.Debug|Any CPU.ActiveCfg = Debug|Any CPU
		{9BA22FCB-85B1-463A-91D6-4377F049AAEB}.Debug|Any CPU.Build.0 = Debug|Any CPU
		{9BA22FCB-85B1-463A-91D6-4377F049AAEB}.Release|Any CPU.ActiveCfg = Release|Any CPU
		{9BA22FCB-85B1-463A-91D6-4377F049AAEB}.Release|Any CPU.Build.0 = Release|Any CPU
	EndGlobalSection
	GlobalSection(SolutionProperties) = preSolution
		HideSolutionNode = FALSE
	EndGlobalSection
	GlobalSection(ExtensibilityGlobals) = postSolution
		SolutionGuid = {4B8ACE44-36D5-40AF-9E06-9493775ED5E4}
	EndGlobalSection
EndGlobal
